
Microsoft Visual Studio Solution File, Format Version 12.00
# Visual Studio Version 16
VisualStudioVersion = 16.0.30503.244
MinimumVisualStudioVersion = 10.0.40219.1
Project("{FAE04EC0-301F-11D3-BF4B-00C04F79EFBC}") = "MVCSTOK", "MVCSTOK\MVCSTOK.csproj", "{BA197939-57A7-4677-9473-B56AA47FB57C}"
EndProject
Global
	GlobalSection(SolutionConfigurationPlatforms) = preSolution
		Debug|Any CPU = Debug|Any CPU
		Release|Any CPU = Release|Any CPU
	EndGlobalSection
	GlobalSection(ProjectConfigurationPlatforms) = postSolution
		{BA197939-57A7-4677-9473-B56AA47FB57C}.Debug|Any CPU.ActiveCfg = Debug|Any CPU
		{BA197939-57A7-4677-9473-B56AA47FB57C}.Debug|Any CPU.Build.0 = Debug|Any CPU
		{BA197939-57A7-4677-9473-B56AA47FB57C}.Release|Any CPU.ActiveCfg = Release|Any CPU
		{BA197939-57A7-4677-9473-B56AA47FB57C}.Release|Any CPU.Build.0 = Release|Any CPU
	EndGlobalSection
	GlobalSection(SolutionProperties) = preSolution
		HideSolutionNode = FALSE
	EndGlobalSection
	GlobalSection(ExtensibilityGlobals) = postSolution
		SolutionGuid = {1458525D-CB72-4522-9738-E8D11FED761C}
	EndGlobalSection
EndGlobal
